
Microsoft Visual Studio Solution File, Format Version 12.00
# Visual Studio Version 16
VisualStudioVersion = 16.0.30717.126
MinimumVisualStudioVersion = 10.0.40219.1
Project("{FAE04EC0-301F-11D3-BF4B-00C04F79EFBC}") = "Lab1Graphs", "Lab1Graphs.csproj", "{6096C7C1-CFDA-494D-97EF-324E0B271FDE}"
EndProject
Global
	GlobalSection(SolutionConfigurationPlatforms) = preSolution
		Debug|Any CPU = Debug|Any CPU
		Release|Any CPU = Release|Any CPU
	EndGlobalSection
	GlobalSection(ProjectConfigurationPlatforms) = postSolution
		{6096C7C1-CFDA-494D-97EF-324E0B271FDE}.Debug|Any CPU.ActiveCfg = Debug|Any CPU
		{6096C7C1-CFDA-494D-97EF-324E0B271FDE}.Debug|Any CPU.Build.0 = Debug|Any CPU
		{6096C7C1-CFDA-494D-97EF-324E0B271FDE}.Release|Any CPU.ActiveCfg = Release|Any CPU
		{6096C7C1-CFDA-494D-97EF-324E0B271FDE}.Release|Any CPU.Build.0 = Release|Any CPU
	EndGlobalSection
	GlobalSection(SolutionProperties) = preSolution
		HideSolutionNode = FALSE
	EndGlobalSection
	GlobalSection(ExtensibilityGlobals) = postSolution
		SolutionGuid = {659A8E8A-57F1-4BDA-B80C-635AA5E712B3}
	EndGlobalSection
EndGlobal
